<?xml version="1.0" encoding="UTF-8"?>
<!DOCTYPE plist PUBLIC "-//Apple//DTD PLIST 1.0//EN" "http://www.apple.com/DTDs/PropertyList-1.0.dtd">
<plist version="1.0">
<dict>
	<key>archiveVersion</key>
	<string>1</string>
	<key>classes</key>
	<dict/>
	<key>objectVersion</key>
	<string>46</string>
	<key>objects</key>
	<dict>
		<key>292FF01EB326A76D6C4DF285</key>
		<dict>
			<key>isa</key>
			<string>PBXFileReference</string>
			<key>lastKnownFileType</key>
			<string>wrapper.framework</string>
			<key>name</key>
			<string>EarlGrey.framework</string>
			<key>path</key>
			<string>${SRCROOT}/Carthage/Build/iOS/EarlGrey.framework</string>
			<key>sourceTree</key>
			<string>SRCROOT</string>
		</dict>
		<key>399BD0F4F8B7F4C0221A733D</key>
		<dict>
			<key>isa</key>
			<string>PBXFileReference</string>
			<key>lastKnownFileType</key>
			<string>wrapper.framework</string>
			<key>name</key>
			<string>EarlGrey.framework</string>
			<key>path</key>
			<string>${SRCROOT}/Pods/EarlGrey/EarlGrey-1.0.0/EarlGrey.framework</string>
			<key>sourceTree</key>
			<string>SRCROOT</string>
		</dict>
		<key>55C55B3177EDFB7DB15182BA</key>
		<dict>
			<key>buildActionMask</key>
			<string>2147483647</string>
			<key>files</key>
			<array/>
			<key>inputPaths</key>
			<array>
				<string>$(SRCROOT)/Carthage/Build/iOS/EarlGrey.framework</string>
			</array>
			<key>isa</key>
			<string>PBXShellScriptBuildPhase</string>
			<key>name</key>
			<string>Carthage copy-frameworks Run Script</string>
			<key>outputPaths</key>
			<array/>
			<key>runOnlyForDeploymentPostprocessing</key>
			<string>0</string>
			<key>shellPath</key>
			<string>/bin/bash</string>
			<key>shellScript</key>
			<string>/usr/local/bin/carthage copy-frameworks</string>
			<key>showEnvVarsInLog</key>
			<string>1</string>
		</dict>
		<key>576CA8B58360652E4391929F</key>
		<dict>
			<key>children</key>
			<array>
				<string>D62638E11CB6B22700E3950D</string>
			</array>
			<key>isa</key>
			<string>PBXGroup</string>
			<key>name</key>
			<string>Frameworks</string>
			<key>sourceTree</key>
			<string>&lt;group&gt;</string>
		</dict>
		<key>6202B731F3D471933207044D</key>
		<dict>
			<key>includeInIndex</key>
			<string>1</string>
			<key>isa</key>
			<string>PBXFileReference</string>
			<key>lastKnownFileType</key>
			<string>sourcecode.swift</string>
			<key>path</key>
			<string>EarlGrey.swift</string>
			<key>sourceTree</key>
			<string>&lt;group&gt;</string>
		</dict>
		<key>C044F1FD8E1A6B54CCB5A31F</key>
		<dict>
			<key>fileRef</key>
			<string>292FF01EB326A76D6C4DF285</string>
			<key>isa</key>
			<string>PBXBuildFile</string>
		</dict>
		<key>D62638D01CB6B16100E3950D</key>
		<dict>
			<key>buildActionMask</key>
			<string>2147483647</string>
			<key>files</key>
			<array>
				<string>D62638DF1CB6B19000E3950D</string>
				<string>D62638D71CB6B16100E3950D</string>
			</array>
			<key>isa</key>
			<string>PBXSourcesBuildPhase</string>
			<key>runOnlyForDeploymentPostprocessing</key>
			<string>0</string>
		</dict>
		<key>D62638D11CB6B16100E3950D</key>
		<dict>
			<key>buildActionMask</key>
			<string>2147483647</string>
			<key>files</key>
			<array>
				<string>D62638E21CB6B22700E3950D</string>
			</array>
			<key>isa</key>
			<string>PBXFrameworksBuildPhase</string>
			<key>runOnlyForDeploymentPostprocessing</key>
			<string>0</string>
		</dict>
		<key>D62638D31CB6B16100E3950D</key>
		<dict>
			<key>buildConfigurationList</key>
			<string>D62638DB1CB6B16100E3950D</string>
			<key>buildPhases</key>
			<array>
				<string>D62638E51CB6B53600E3950D</string>
				<string>D62638E61CB6C06500E3950D</string>
				<string>D62638D01CB6B16100E3950D</string>
				<string>D62638D11CB6B16100E3950D</string>
			</array>
			<key>buildRules</key>
			<array/>
			<key>dependencies</key>
			<array>
				<string>D62638DA1CB6B16100E3950D</string>
			</array>
			<key>isa</key>
			<string>PBXNativeTarget</string>
			<key>name</key>
			<string>ExampleEarlGrey</string>
			<key>productName</key>
			<string>ExampleEarlGrey</string>
			<key>productReference</key>
			<string>D62638D41CB6B16100E3950D</string>
			<key>productType</key>
			<string>com.apple.product-type.bundle.unit-test</string>
		</dict>
		<key>D62638D41CB6B16100E3950D</key>
		<dict>
			<key>explicitFileType</key>
			<string>wrapper.cfbundle</string>
			<key>includeInIndex</key>
			<string>0</string>
			<key>isa</key>
			<string>PBXFileReference</string>
			<key>path</key>
			<string>ExampleEarlGrey.xctest</string>
			<key>sourceTree</key>
			<string>BUILT_PRODUCTS_DIR</string>
		</dict>
		<key>D62638D51CB6B16100E3950D</key>
		<dict>
			<key>children</key>
			<array>
				<string>D62638D61CB6B16100E3950D</string>
				<string>D62638D81CB6B16100E3950D</string>
				<string>D62638DE1CB6B19000E3950D</string>
				<string>D62638E01CB6B1A500E3950D</string>
			</array>
			<key>isa</key>
			<string>PBXGroup</string>
			<key>path</key>
			<string>ExampleEarlGrey</string>
			<key>sourceTree</key>
			<string>&lt;group&gt;</string>
		</dict>
		<key>D62638D61CB6B16100E3950D</key>
		<dict>
			<key>isa</key>
			<string>PBXFileReference</string>
			<key>lastKnownFileType</key>
			<string>sourcecode.swift</string>
			<key>path</key>
			<string>ExampleEarlGrey.swift</string>
			<key>sourceTree</key>
			<string>&lt;group&gt;</string>
		</dict>
		<key>D62638D71CB6B16100E3950D</key>
		<dict>
			<key>fileRef</key>
			<string>D62638D61CB6B16100E3950D</string>
			<key>isa</key>
			<string>PBXBuildFile</string>
		</dict>
		<key>D62638D81CB6B16100E3950D</key>
		<dict>
			<key>isa</key>
			<string>PBXFileReference</string>
			<key>lastKnownFileType</key>
			<string>text.plist.xml</string>
			<key>path</key>
			<string>Info.plist</string>
			<key>sourceTree</key>
			<string>&lt;group&gt;</string>
		</dict>
		<key>D62638D91CB6B16100E3950D</key>
		<dict>
			<key>containerPortal</key>
			<string>F98C3B7F1C65354100389099</string>
			<key>isa</key>
			<string>PBXContainerItemProxy</string>
			<key>proxyType</key>
			<string>1</string>
			<key>remoteGlobalIDString</key>
			<string>F98C3B861C65354100389099</string>
			<key>remoteInfo</key>
			<string>Example</string>
		</dict>
		<key>D62638DA1CB6B16100E3950D</key>
		<dict>
			<key>isa</key>
			<string>PBXTargetDependency</string>
			<key>target</key>
			<string>F98C3B861C65354100389099</string>
			<key>targetProxy</key>
			<string>D62638D91CB6B16100E3950D</string>
		</dict>
		<key>D62638DB1CB6B16100E3950D</key>
		<dict>
			<key>buildConfigurations</key>
			<array>
				<string>D62638DC1CB6B16100E3950D</string>
				<string>D62638DD1CB6B16100E3950D</string>
			</array>
			<key>defaultConfigurationIsVisible</key>
			<string>0</string>
			<key>defaultConfigurationName</key>
			<string>Release</string>
			<key>isa</key>
			<string>XCConfigurationList</string>
		</dict>
		<key>D62638DC1CB6B16100E3950D</key>
		<dict>
			<key>buildSettings</key>
			<dict>
				<key>BUNDLE_LOADER</key>
				<string>$(TEST_HOST)</string>
				<key>CLANG_ANALYZER_NONNULL</key>
				<string>YES</string>
				<key>FRAMEWORK_SEARCH_PATHS</key>
				<array>
					<string>$(inherited)</string>
					<string>$(PROJECT_DIR)</string>
					<string>$(SRCROOT)/Carthage/Build/iOS</string>
				</array>
				<key>FRAMEWORK_SEARCH_PATHS[arch=*]</key>
				<array>
					<string>$(inherited)</string>
					<string>$(PROJECT_DIR)</string>
					<string>$(SRCROOT)/Carthage/Build/iOS</string>
				</array>
				<key>HEADER_SEARCH_PATHS</key>
				<string>$(SRCROOT)/Carthage/Build/iOS/**</string>
				<key>INFOPLIST_FILE</key>
				<string>ExampleEarlGrey/Info.plist</string>
				<key>IPHONEOS_DEPLOYMENT_TARGET</key>
				<string>9.3</string>
				<key>LD_RUNPATH_SEARCH_PATHS</key>
				<string>$(inherited) @executable_path/Frameworks @loader_path/Frameworks</string>
				<key>PRODUCT_BUNDLE_IDENTIFIER</key>
				<string>com.bootstraponline.ExampleEarlGrey</string>
				<key>PRODUCT_NAME</key>
				<string>$(TARGET_NAME)</string>
				<key>SWIFT_OBJC_BRIDGING_HEADER</key>
				<string>$(TARGET_NAME)/bridge.h</string>
				<key>TEST_HOST</key>
				<string>$(BUILT_PRODUCTS_DIR)/Example.app/Example</string>
				<key>USE_HEADERMAP</key>
				<string>YES</string>
			</dict>
			<key>isa</key>
			<string>XCBuildConfiguration</string>
			<key>name</key>
			<string>Debug</string>
		</dict>
		<key>D62638DD1CB6B16100E3950D</key>
		<dict>
			<key>buildSettings</key>
			<dict>
				<key>BUNDLE_LOADER</key>
				<string>$(TEST_HOST)</string>
				<key>CLANG_ANALYZER_NONNULL</key>
				<string>YES</string>
				<key>FRAMEWORK_SEARCH_PATHS</key>
				<array>
					<string>$(inherited)</string>
					<string>$(SRCROOT)/Carthage/Build/iOS</string>
				</array>
				<key>FRAMEWORK_SEARCH_PATHS[arch=*]</key>
				<string>$(SRCROOT)/Carthage/Build/iOS</string>
				<key>HEADER_SEARCH_PATHS</key>
				<string>$(SRCROOT)/Carthage/Build/iOS/**</string>
				<key>INFOPLIST_FILE</key>
				<string>ExampleEarlGrey/Info.plist</string>
				<key>IPHONEOS_DEPLOYMENT_TARGET</key>
				<string>9.3</string>
				<key>LD_RUNPATH_SEARCH_PATHS</key>
				<string>$(inherited) @executable_path/Frameworks @loader_path/Frameworks</string>
				<key>PRODUCT_BUNDLE_IDENTIFIER</key>
				<string>com.bootstraponline.ExampleEarlGrey</string>
				<key>PRODUCT_NAME</key>
				<string>$(TARGET_NAME)</string>
				<key>SWIFT_OBJC_BRIDGING_HEADER</key>
				<string>$(TARGET_NAME)/bridge.h</string>
				<key>TEST_HOST</key>
				<string>$(BUILT_PRODUCTS_DIR)/Example.app/Example</string>
				<key>USE_HEADERMAP</key>
				<string>YES</string>
			</dict>
			<key>isa</key>
			<string>XCBuildConfiguration</string>
			<key>name</key>
			<string>Release</string>
		</dict>
		<key>D62638DE1CB6B19000E3950D</key>
		<dict>
			<key>fileEncoding</key>
			<string>4</string>
			<key>isa</key>
			<string>PBXFileReference</string>
			<key>lastKnownFileType</key>
			<string>sourcecode.swift</string>
			<key>path</key>
			<string>EarlGrey.swift</string>
			<key>sourceTree</key>
			<string>&lt;group&gt;</string>
		</dict>
		<key>D62638DF1CB6B19000E3950D</key>
		<dict>
			<key>fileRef</key>
			<string>D62638DE1CB6B19000E3950D</string>
			<key>isa</key>
			<string>PBXBuildFile</string>
		</dict>
		<key>D62638E01CB6B1A500E3950D</key>
		<dict>
			<key>fileEncoding</key>
			<string>4</string>
			<key>isa</key>
			<string>PBXFileReference</string>
			<key>lastKnownFileType</key>
			<string>sourcecode.c.h</string>
			<key>path</key>
			<string>bridge.h</string>
			<key>sourceTree</key>
			<string>&lt;group&gt;</string>
		</dict>
		<key>D62638E11CB6B22700E3950D</key>
		<dict>
			<key>isa</key>
			<string>PBXFileReference</string>
			<key>lastKnownFileType</key>
			<string>wrapper.framework</string>
			<key>name</key>
			<string>EarlGrey.framework</string>
			<key>path</key>
			<string>Carthage/Build/iOS/EarlGrey.framework</string>
			<key>sourceTree</key>
			<string>&lt;group&gt;</string>
		</dict>
		<key>D62638E21CB6B22700E3950D</key>
		<dict>
			<key>fileRef</key>
			<string>D62638E11CB6B22700E3950D</string>
			<key>isa</key>
			<string>PBXBuildFile</string>
		</dict>
		<key>D62638E51CB6B53600E3950D</key>
		<dict>
			<key>buildActionMask</key>
			<string>2147483647</string>
			<key>files</key>
			<array/>
			<key>inputPaths</key>
			<array>
				<string>$(SRCROOT)/Carthage/Build/iOS/EarlGrey.framework</string>
			</array>
			<key>isa</key>
			<string>PBXShellScriptBuildPhase</string>
			<key>outputPaths</key>
			<array/>
			<key>runOnlyForDeploymentPostprocessing</key>
			<string>0</string>
			<key>shellPath</key>
			<string>/bin/bash</string>
			<key>shellScript</key>
			<string>/usr/local/bin/carthage copy-frameworks</string>
		</dict>
		<key>D62638E61CB6C06500E3950D</key>
		<dict>
			<key>buildActionMask</key>
			<string>2147483647</string>
			<key>dstPath</key>
			<string>$(TEST_HOST)/..</string>
			<key>dstSubfolderSpec</key>
			<string>0</string>
			<key>files</key>
			<array>
				<string>D62638E81CB6C0A000E3950D</string>
			</array>
			<key>isa</key>
			<string>PBXCopyFilesBuildPhase</string>
			<key>runOnlyForDeploymentPostprocessing</key>
			<string>0</string>
		</dict>
		<key>D62638E71CB6C0A000E3950D</key>
		<dict>
			<key>isa</key>
			<string>PBXFileReference</string>
			<key>lastKnownFileType</key>
			<string>wrapper.framework</string>
			<key>name</key>
			<string>EarlGrey.framework</string>
			<key>path</key>
			<string>Carthage/Build/iOS/EarlGrey.framework</string>
			<key>sourceTree</key>
			<string>&lt;group&gt;</string>
		</dict>
		<key>D62638E81CB6C0A000E3950D</key>
		<dict>
			<key>fileRef</key>
			<string>D62638E71CB6C0A000E3950D</string>
			<key>isa</key>
			<string>PBXBuildFile</string>
			<key>settings</key>
			<dict>
				<key>ATTRIBUTES</key>
				<array>
					<string>CodeSignOnCopy</string>
				</array>
			</dict>
		</dict>
		<key>D656E6B61CC59EC1002FE7EA</key>
		<dict>
			<key>buildActionMask</key>
			<string>2147483647</string>
			<key>files</key>
			<array>
				<string>D656E6BD1CC59EC1002FE7EA</string>
				<string>DE98132E16C4DC3013320A4A</string>
			</array>
			<key>isa</key>
			<string>PBXSourcesBuildPhase</string>
			<key>runOnlyForDeploymentPostprocessing</key>
			<string>0</string>
		</dict>
		<key>D656E6B71CC59EC1002FE7EA</key>
		<dict>
			<key>buildActionMask</key>
			<string>2147483647</string>
			<key>files</key>
			<array>
				<string>C044F1FD8E1A6B54CCB5A31F</string>
			</array>
			<key>isa</key>
			<string>PBXFrameworksBuildPhase</string>
			<key>runOnlyForDeploymentPostprocessing</key>
			<string>0</string>
		</dict>
		<key>D656E6B81CC59EC1002FE7EA</key>
		<dict>
			<key>buildActionMask</key>
			<string>2147483647</string>
			<key>files</key>
			<array/>
			<key>isa</key>
			<string>PBXResourcesBuildPhase</string>
			<key>runOnlyForDeploymentPostprocessing</key>
			<string>0</string>
		</dict>
		<key>D656E6B91CC59EC1002FE7EA</key>
		<dict>
			<key>buildConfigurationList</key>
			<string>D656E6C31CC59EC1002FE7EA</string>
			<key>buildPhases</key>
			<array>
				<string>D656E6B61CC59EC1002FE7EA</string>
				<string>D656E6B71CC59EC1002FE7EA</string>
				<string>D656E6B81CC59EC1002FE7EA</string>
				<string>55C55B3177EDFB7DB15182BA</string>
			</array>
			<key>buildRules</key>
			<array/>
			<key>dependencies</key>
			<array>
				<string>D656E6C01CC59EC1002FE7EA</string>
			</array>
			<key>isa</key>
			<string>PBXNativeTarget</string>
			<key>name</key>
			<string>AutoEarlGrey</string>
			<key>productName</key>
			<string>AutoEarlGrey</string>
			<key>productReference</key>
			<string>D656E6BA1CC59EC1002FE7EA</string>
			<key>productType</key>
			<string>com.apple.product-type.bundle.unit-test</string>
		</dict>
		<key>D656E6BA1CC59EC1002FE7EA</key>
		<dict>
			<key>explicitFileType</key>
			<string>wrapper.cfbundle</string>
			<key>includeInIndex</key>
			<string>0</string>
			<key>isa</key>
			<string>PBXFileReference</string>
			<key>path</key>
			<string>AutoEarlGrey.xctest</string>
			<key>sourceTree</key>
			<string>BUILT_PRODUCTS_DIR</string>
		</dict>
		<key>D656E6BB1CC59EC1002FE7EA</key>
		<dict>
			<key>children</key>
			<array>
				<string>D656E6BC1CC59EC1002FE7EA</string>
				<string>D656E6BE1CC59EC1002FE7EA</string>
				<string>FE841E62373C0702497A1948</string>
				<string>6202B731F3D471933207044D</string>
			</array>
			<key>isa</key>
			<string>PBXGroup</string>
			<key>path</key>
			<string>AutoEarlGrey</string>
			<key>sourceTree</key>
			<string>&lt;group&gt;</string>
		</dict>
		<key>D656E6BC1CC59EC1002FE7EA</key>
		<dict>
			<key>isa</key>
			<string>PBXFileReference</string>
			<key>lastKnownFileType</key>
			<string>sourcecode.swift</string>
			<key>path</key>
			<string>AutoEarlGrey.swift</string>
			<key>sourceTree</key>
			<string>&lt;group&gt;</string>
		</dict>
		<key>D656E6BD1CC59EC1002FE7EA</key>
		<dict>
			<key>fileRef</key>
			<string>D656E6BC1CC59EC1002FE7EA</string>
			<key>isa</key>
			<string>PBXBuildFile</string>
		</dict>
		<key>D656E6BE1CC59EC1002FE7EA</key>
		<dict>
			<key>isa</key>
			<string>PBXFileReference</string>
			<key>lastKnownFileType</key>
			<string>text.plist.xml</string>
			<key>path</key>
			<string>Info.plist</string>
			<key>sourceTree</key>
			<string>&lt;group&gt;</string>
		</dict>
		<key>D656E6BF1CC59EC1002FE7EA</key>
		<dict>
			<key>containerPortal</key>
			<string>F98C3B7F1C65354100389099</string>
			<key>isa</key>
			<string>PBXContainerItemProxy</string>
			<key>proxyType</key>
			<string>1</string>
			<key>remoteGlobalIDString</key>
			<string>F98C3B861C65354100389099</string>
			<key>remoteInfo</key>
			<string>Example</string>
		</dict>
		<key>D656E6C01CC59EC1002FE7EA</key>
		<dict>
			<key>isa</key>
			<string>PBXTargetDependency</string>
			<key>target</key>
			<string>F98C3B861C65354100389099</string>
			<key>targetProxy</key>
			<string>D656E6BF1CC59EC1002FE7EA</string>
		</dict>
		<key>D656E6C11CC59EC1002FE7EA</key>
		<dict>
			<key>buildSettings</key>
			<dict>
				<key>BUNDLE_LOADER</key>
				<string>$(TEST_HOST)</string>
				<key>CLANG_ANALYZER_NONNULL</key>
				<string>YES</string>
				<key>FRAMEWORK_SEARCH_PATHS</key>
				<array>
					<string>$(SRCROOT)/Carthage/Build/iOS</string>
				</array>
				<key>HEADER_SEARCH_PATHS</key>
				<array>
					<string>$(SRCROOT)/Carthage/Build/iOS/**</string>
				</array>
				<key>INFOPLIST_FILE</key>
				<string>AutoEarlGrey/Info.plist</string>
				<key>IPHONEOS_DEPLOYMENT_TARGET</key>
				<string>9.3</string>
				<key>LD_RUNPATH_SEARCH_PATHS</key>
				<string>$(inherited) @executable_path/Frameworks @loader_path/Frameworks</string>
				<key>PRODUCT_BUNDLE_IDENTIFIER</key>
				<string>com.bootstraponline.AutoEarlGrey</string>
				<key>PRODUCT_NAME</key>
				<string>$(TARGET_NAME)</string>
				<key>SWIFT_OBJC_BRIDGING_HEADER</key>
				<string>$(TARGET_NAME)/BridgingHeader.h</string>
				<key>TEST_HOST</key>
				<string>$(BUILT_PRODUCTS_DIR)/Example.app/Example</string>
			</dict>
			<key>isa</key>
			<string>XCBuildConfiguration</string>
			<key>name</key>
			<string>Debug</string>
		</dict>
		<key>D656E6C21CC59EC1002FE7EA</key>
		<dict>
			<key>buildSettings</key>
			<dict>
				<key>BUNDLE_LOADER</key>
				<string>$(TEST_HOST)</string>
				<key>CLANG_ANALYZER_NONNULL</key>
				<string>YES</string>
				<key>FRAMEWORK_SEARCH_PATHS</key>
				<array>
					<string>$(SRCROOT)/Carthage/Build/iOS</string>
				</array>
				<key>HEADER_SEARCH_PATHS</key>
				<array>
					<string>$(SRCROOT)/Carthage/Build/iOS/**</string>
				</array>
				<key>INFOPLIST_FILE</key>
				<string>AutoEarlGrey/Info.plist</string>
				<key>IPHONEOS_DEPLOYMENT_TARGET</key>
				<string>9.3</string>
				<key>LD_RUNPATH_SEARCH_PATHS</key>
				<string>$(inherited) @executable_path/Frameworks @loader_path/Frameworks</string>
				<key>PRODUCT_BUNDLE_IDENTIFIER</key>
				<string>com.bootstraponline.AutoEarlGrey</string>
				<key>PRODUCT_NAME</key>
				<string>$(TARGET_NAME)</string>
				<key>SWIFT_OBJC_BRIDGING_HEADER</key>
				<string>$(TARGET_NAME)/BridgingHeader.h</string>
				<key>TEST_HOST</key>
				<string>$(BUILT_PRODUCTS_DIR)/Example.app/Example</string>
			</dict>
			<key>isa</key>
			<string>XCBuildConfiguration</string>
			<key>name</key>
			<string>Release</string>
		</dict>
		<key>D656E6C31CC59EC1002FE7EA</key>
		<dict>
			<key>buildConfigurations</key>
			<array>
				<string>D656E6C11CC59EC1002FE7EA</string>
				<string>D656E6C21CC59EC1002FE7EA</string>
			</array>
			<key>defaultConfigurationIsVisible</key>
			<string>0</string>
			<key>isa</key>
			<string>XCConfigurationList</string>
		</dict>
		<key>DE98132E16C4DC3013320A4A</key>
		<dict>
			<key>fileRef</key>
			<string>6202B731F3D471933207044D</string>
			<key>isa</key>
			<string>PBXBuildFile</string>
		</dict>
		<key>F98C3B7E1C65354100389099</key>
		<dict>
			<key>children</key>
			<array>
				<string>D62638E71CB6C0A000E3950D</string>
				<string>F98C3B891C65354100389099</string>
				<string>F98C3B9E1C65354100389099</string>
				<string>D62638D51CB6B16100E3950D</string>
				<string>D656E6BB1CC59EC1002FE7EA</string>
				<string>F98C3B881C65354100389099</string>
				<string>576CA8B58360652E4391929F</string>
			</array>
			<key>isa</key>
			<string>PBXGroup</string>
			<key>sourceTree</key>
			<string>&lt;group&gt;</string>
		</dict>
		<key>F98C3B7F1C65354100389099</key>
		<dict>
			<key>attributes</key>
			<dict>
				<key>LastSwiftUpdateCheck</key>
				<string>0730</string>
				<key>LastUpgradeCheck</key>
				<string>0730</string>
				<key>ORGANIZATIONNAME</key>
				<string>example</string>
				<key>TargetAttributes</key>
				<dict>
					<key>D62638D31CB6B16100E3950D</key>
					<dict>
						<key>CreatedOnToolsVersion</key>
						<string>7.3</string>
						<key>TestTargetID</key>
						<string>F98C3B861C65354100389099</string>
					</dict>
					<key>D656E6B91CC59EC1002FE7EA</key>
					<dict>
						<key>CreatedOnToolsVersion</key>
						<string>7.3</string>
						<key>TestTargetID</key>
						<string>F98C3B861C65354100389099</string>
					</dict>
					<key>F98C3B861C65354100389099</key>
					<dict>
						<key>CreatedOnToolsVersion</key>
						<string>7.3</string>
					</dict>
					<key>F98C3B9A1C65354100389099</key>
					<dict>
						<key>CreatedOnToolsVersion</key>
						<string>7.3</string>
						<key>TestTargetID</key>
						<string>F98C3B861C65354100389099</string>
					</dict>
				</dict>
			</dict>
			<key>buildConfigurationList</key>
			<string>F98C3B821C65354100389099</string>
			<key>compatibilityVersion</key>
			<string>Xcode 3.2</string>
			<key>developmentRegion</key>
			<string>English</string>
			<key>hasScannedForEncodings</key>
			<string>0</string>
			<key>isa</key>
			<string>PBXProject</string>
			<key>knownRegions</key>
			<array>
				<string>en</string>
				<string>Base</string>
			</array>
			<key>mainGroup</key>
			<string>F98C3B7E1C65354100389099</string>
			<key>productRefGroup</key>
			<string>F98C3B881C65354100389099</string>
			<key>projectDirPath</key>
			<string></string>
			<key>projectReferences</key>
			<array/>
			<key>projectRoot</key>
			<string></string>
			<key>targets</key>
			<array>
				<string>F98C3B861C65354100389099</string>
				<string>F98C3B9A1C65354100389099</string>
				<string>D62638D31CB6B16100E3950D</string>
				<string>D656E6B91CC59EC1002FE7EA</string>
			</array>
		</dict>
		<key>F98C3B821C65354100389099</key>
		<dict>
			<key>buildConfigurations</key>
			<array>
				<string>F98C3BA21C65354100389099</string>
				<string>F98C3BA31C65354100389099</string>
			</array>
			<key>defaultConfigurationIsVisible</key>
			<string>0</string>
			<key>defaultConfigurationName</key>
			<string>Release</string>
			<key>isa</key>
			<string>XCConfigurationList</string>
		</dict>
		<key>F98C3B831C65354100389099</key>
		<dict>
			<key>buildActionMask</key>
			<string>2147483647</string>
			<key>files</key>
			<array>
				<string>F98C3B8D1C65354100389099</string>
				<string>F98C3B8B1C65354100389099</string>
			</array>
			<key>isa</key>
			<string>PBXSourcesBuildPhase</string>
			<key>runOnlyForDeploymentPostprocessing</key>
			<string>0</string>
		</dict>
		<key>F98C3B841C65354100389099</key>
		<dict>
			<key>buildActionMask</key>
			<string>2147483647</string>
			<key>files</key>
			<array/>
			<key>isa</key>
			<string>PBXFrameworksBuildPhase</string>
			<key>runOnlyForDeploymentPostprocessing</key>
			<string>0</string>
		</dict>
		<key>F98C3B851C65354100389099</key>
		<dict>
			<key>buildActionMask</key>
			<string>2147483647</string>
			<key>files</key>
			<array>
				<string>F98C3B951C65354100389099</string>
				<string>F98C3B921C65354100389099</string>
				<string>F98C3B901C65354100389099</string>
			</array>
			<key>isa</key>
			<string>PBXResourcesBuildPhase</string>
			<key>runOnlyForDeploymentPostprocessing</key>
			<string>0</string>
		</dict>
		<key>F98C3B861C65354100389099</key>
		<dict>
			<key>buildConfigurationList</key>
			<string>F98C3BA41C65354100389099</string>
			<key>buildPhases</key>
			<array>
				<string>F98C3B831C65354100389099</string>
				<string>F98C3B841C65354100389099</string>
				<string>F98C3B851C65354100389099</string>
			</array>
			<key>buildRules</key>
			<array/>
			<key>dependencies</key>
			<array/>
			<key>isa</key>
			<string>PBXNativeTarget</string>
			<key>name</key>
			<string>Example</string>
			<key>productName</key>
			<string>Example</string>
			<key>productReference</key>
			<string>F98C3B871C65354100389099</string>
			<key>productType</key>
			<string>com.apple.product-type.application</string>
		</dict>
		<key>F98C3B871C65354100389099</key>
		<dict>
			<key>explicitFileType</key>
			<string>wrapper.application</string>
			<key>includeInIndex</key>
			<string>0</string>
			<key>isa</key>
			<string>PBXFileReference</string>
			<key>path</key>
			<string>Example.app</string>
			<key>sourceTree</key>
			<string>BUILT_PRODUCTS_DIR</string>
		</dict>
		<key>F98C3B881C65354100389099</key>
		<dict>
			<key>children</key>
			<array>
				<string>F98C3B871C65354100389099</string>
				<string>F98C3B9B1C65354100389099</string>
				<string>399BD0F4F8B7F4C0221A733D</string>
				<string>D62638D41CB6B16100E3950D</string>
				<string>D656E6BA1CC59EC1002FE7EA</string>
				<string>292FF01EB326A76D6C4DF285</string>
			</array>
			<key>isa</key>
			<string>PBXGroup</string>
			<key>name</key>
			<string>Products</string>
			<key>sourceTree</key>
			<string>&lt;group&gt;</string>
		</dict>
		<key>F98C3B891C65354100389099</key>
		<dict>
			<key>children</key>
			<array>
				<string>F98C3B8A1C65354100389099</string>
				<string>F98C3B8C1C65354100389099</string>
				<string>F98C3B8E1C65354100389099</string>
				<string>F98C3B911C65354100389099</string>
				<string>F98C3B931C65354100389099</string>
				<string>F98C3B961C65354100389099</string>
			</array>
			<key>isa</key>
			<string>PBXGroup</string>
			<key>path</key>
			<string>Example</string>
			<key>sourceTree</key>
			<string>&lt;group&gt;</string>
		</dict>
		<key>F98C3B8A1C65354100389099</key>
		<dict>
			<key>isa</key>
			<string>PBXFileReference</string>
			<key>lastKnownFileType</key>
			<string>sourcecode.swift</string>
			<key>path</key>
			<string>AppDelegate.swift</string>
			<key>sourceTree</key>
			<string>&lt;group&gt;</string>
		</dict>
		<key>F98C3B8B1C65354100389099</key>
		<dict>
			<key>fileRef</key>
			<string>F98C3B8A1C65354100389099</string>
			<key>isa</key>
			<string>PBXBuildFile</string>
		</dict>
		<key>F98C3B8C1C65354100389099</key>
		<dict>
			<key>isa</key>
			<string>PBXFileReference</string>
			<key>lastKnownFileType</key>
			<string>sourcecode.swift</string>
			<key>path</key>
			<string>ViewController.swift</string>
			<key>sourceTree</key>
			<string>&lt;group&gt;</string>
		</dict>
		<key>F98C3B8D1C65354100389099</key>
		<dict>
			<key>fileRef</key>
			<string>F98C3B8C1C65354100389099</string>
			<key>isa</key>
			<string>PBXBuildFile</string>
		</dict>
		<key>F98C3B8E1C65354100389099</key>
		<dict>
			<key>children</key>
			<array>
				<string>F98C3B8F1C65354100389099</string>
			</array>
			<key>isa</key>
			<string>PBXVariantGroup</string>
			<key>name</key>
			<string>Main.storyboard</string>
			<key>sourceTree</key>
			<string>&lt;group&gt;</string>
		</dict>
		<key>F98C3B8F1C65354100389099</key>
		<dict>
			<key>isa</key>
			<string>PBXFileReference</string>
			<key>lastKnownFileType</key>
			<string>file.storyboard</string>
			<key>name</key>
			<string>Base</string>
			<key>path</key>
			<string>Base.lproj/Main.storyboard</string>
			<key>sourceTree</key>
			<string>&lt;group&gt;</string>
		</dict>
		<key>F98C3B901C65354100389099</key>
		<dict>
			<key>fileRef</key>
			<string>F98C3B8E1C65354100389099</string>
			<key>isa</key>
			<string>PBXBuildFile</string>
		</dict>
		<key>F98C3B911C65354100389099</key>
		<dict>
			<key>isa</key>
			<string>PBXFileReference</string>
			<key>lastKnownFileType</key>
			<string>folder.assetcatalog</string>
			<key>path</key>
			<string>Assets.xcassets</string>
			<key>sourceTree</key>
			<string>&lt;group&gt;</string>
		</dict>
		<key>F98C3B921C65354100389099</key>
		<dict>
			<key>fileRef</key>
			<string>F98C3B911C65354100389099</string>
			<key>isa</key>
			<string>PBXBuildFile</string>
		</dict>
		<key>F98C3B931C65354100389099</key>
		<dict>
			<key>children</key>
			<array>
				<string>F98C3B941C65354100389099</string>
			</array>
			<key>isa</key>
			<string>PBXVariantGroup</string>
			<key>name</key>
			<string>LaunchScreen.storyboard</string>
			<key>sourceTree</key>
			<string>&lt;group&gt;</string>
		</dict>
		<key>F98C3B941C65354100389099</key>
		<dict>
			<key>isa</key>
			<string>PBXFileReference</string>
			<key>lastKnownFileType</key>
			<string>file.storyboard</string>
			<key>name</key>
			<string>Base</string>
			<key>path</key>
			<string>Base.lproj/LaunchScreen.storyboard</string>
			<key>sourceTree</key>
			<string>&lt;group&gt;</string>
		</dict>
		<key>F98C3B951C65354100389099</key>
		<dict>
			<key>fileRef</key>
			<string>F98C3B931C65354100389099</string>
			<key>isa</key>
			<string>PBXBuildFile</string>
		</dict>
		<key>F98C3B961C65354100389099</key>
		<dict>
			<key>isa</key>
			<string>PBXFileReference</string>
			<key>lastKnownFileType</key>
			<string>text.plist.xml</string>
			<key>path</key>
			<string>Info.plist</string>
			<key>sourceTree</key>
			<string>&lt;group&gt;</string>
		</dict>
		<key>F98C3B971C65354100389099</key>
		<dict>
			<key>buildActionMask</key>
			<string>2147483647</string>
			<key>files</key>
			<array>
				<string>F98C3BA01C65354100389099</string>
			</array>
			<key>isa</key>
			<string>PBXSourcesBuildPhase</string>
			<key>runOnlyForDeploymentPostprocessing</key>
			<string>0</string>
		</dict>
		<key>F98C3B981C65354100389099</key>
		<dict>
			<key>buildActionMask</key>
			<string>2147483647</string>
			<key>files</key>
			<array/>
			<key>isa</key>
			<string>PBXFrameworksBuildPhase</string>
			<key>runOnlyForDeploymentPostprocessing</key>
			<string>0</string>
		</dict>
		<key>F98C3B991C65354100389099</key>
		<dict>
			<key>buildActionMask</key>
			<string>2147483647</string>
			<key>files</key>
			<array/>
			<key>isa</key>
			<string>PBXResourcesBuildPhase</string>
			<key>runOnlyForDeploymentPostprocessing</key>
			<string>0</string>
		</dict>
		<key>F98C3B9A1C65354100389099</key>
		<dict>
			<key>buildConfigurationList</key>
			<string>F98C3BA71C65354100389099</string>
			<key>buildPhases</key>
			<array>
				<string>F98C3B971C65354100389099</string>
				<string>F98C3B981C65354100389099</string>
				<string>F98C3B991C65354100389099</string>
			</array>
			<key>buildRules</key>
			<array/>
			<key>dependencies</key>
			<array>
				<string>F98C3B9D1C65354100389099</string>
			</array>
			<key>isa</key>
			<string>PBXNativeTarget</string>
			<key>name</key>
			<string>ExampleUITests</string>
			<key>productName</key>
			<string>ExampleUITests</string>
			<key>productReference</key>
			<string>F98C3B9B1C65354100389099</string>
			<key>productType</key>
			<string>com.apple.product-type.bundle.ui-testing</string>
		</dict>
		<key>F98C3B9B1C65354100389099</key>
		<dict>
			<key>explicitFileType</key>
			<string>wrapper.cfbundle</string>
			<key>includeInIndex</key>
			<string>0</string>
			<key>isa</key>
			<string>PBXFileReference</string>
			<key>path</key>
			<string>ExampleUITests.xctest</string>
			<key>sourceTree</key>
			<string>BUILT_PRODUCTS_DIR</string>
		</dict>
		<key>F98C3B9C1C65354100389099</key>
		<dict>
			<key>containerPortal</key>
			<string>F98C3B7F1C65354100389099</string>
			<key>isa</key>
			<string>PBXContainerItemProxy</string>
			<key>proxyType</key>
			<string>1</string>
			<key>remoteGlobalIDString</key>
			<string>F98C3B861C65354100389099</string>
			<key>remoteInfo</key>
			<string>Example</string>
		</dict>
		<key>F98C3B9D1C65354100389099</key>
		<dict>
			<key>isa</key>
			<string>PBXTargetDependency</string>
			<key>target</key>
			<string>F98C3B861C65354100389099</string>
			<key>targetProxy</key>
			<string>F98C3B9C1C65354100389099</string>
		</dict>
		<key>F98C3B9E1C65354100389099</key>
		<dict>
			<key>children</key>
			<array>
				<string>F98C3B9F1C65354100389099</string>
				<string>F98C3BA11C65354100389099</string>
			</array>
			<key>isa</key>
			<string>PBXGroup</string>
			<key>path</key>
			<string>ExampleUITests</string>
			<key>sourceTree</key>
			<string>&lt;group&gt;</string>
		</dict>
		<key>F98C3B9F1C65354100389099</key>
		<dict>
			<key>isa</key>
			<string>PBXFileReference</string>
			<key>lastKnownFileType</key>
			<string>sourcecode.swift</string>
			<key>path</key>
			<string>ExampleUITests.swift</string>
			<key>sourceTree</key>
			<string>&lt;group&gt;</string>
		</dict>
		<key>F98C3BA01C65354100389099</key>
		<dict>
			<key>fileRef</key>
			<string>F98C3B9F1C65354100389099</string>
			<key>isa</key>
			<string>PBXBuildFile</string>
		</dict>
		<key>F98C3BA11C65354100389099</key>
		<dict>
			<key>isa</key>
			<string>PBXFileReference</string>
			<key>lastKnownFileType</key>
			<string>text.plist.xml</string>
			<key>path</key>
			<string>Info.plist</string>
			<key>sourceTree</key>
			<string>&lt;group&gt;</string>
		</dict>
		<key>F98C3BA21C65354100389099</key>
		<dict>
			<key>buildSettings</key>
			<dict>
				<key>ALWAYS_SEARCH_USER_PATHS</key>
				<string>NO</string>
				<key>CLANG_CXX_LANGUAGE_STANDARD</key>
				<string>gnu++0x</string>
				<key>CLANG_CXX_LIBRARY</key>
				<string>libc++</string>
				<key>CLANG_ENABLE_MODULES</key>
				<string>YES</string>
				<key>CLANG_ENABLE_OBJC_ARC</key>
				<string>YES</string>
				<key>CLANG_WARN_BOOL_CONVERSION</key>
				<string>YES</string>
				<key>CLANG_WARN_CONSTANT_CONVERSION</key>
				<string>YES</string>
				<key>CLANG_WARN_DIRECT_OBJC_ISA_USAGE</key>
				<string>YES_ERROR</string>
				<key>CLANG_WARN_EMPTY_BODY</key>
				<string>YES</string>
				<key>CLANG_WARN_ENUM_CONVERSION</key>
				<string>YES</string>
				<key>CLANG_WARN_INT_CONVERSION</key>
				<string>YES</string>
				<key>CLANG_WARN_OBJC_ROOT_CLASS</key>
				<string>YES_ERROR</string>
				<key>CLANG_WARN_UNREACHABLE_CODE</key>
				<string>YES</string>
				<key>CLANG_WARN__DUPLICATE_METHOD_MATCH</key>
				<string>YES</string>
				<key>CODE_SIGN_IDENTITY[sdk=iphoneos*]</key>
				<string>iPhone Developer</string>
				<key>COPY_PHASE_STRIP</key>
				<string>NO</string>
				<key>DEBUG_INFORMATION_FORMAT</key>
				<string>dwarf</string>
				<key>ENABLE_STRICT_OBJC_MSGSEND</key>
				<string>YES</string>
				<key>ENABLE_TESTABILITY</key>
				<string>YES</string>
				<key>GCC_C_LANGUAGE_STANDARD</key>
				<string>gnu99</string>
				<key>GCC_DYNAMIC_NO_PIC</key>
				<string>NO</string>
				<key>GCC_NO_COMMON_BLOCKS</key>
				<string>YES</string>
				<key>GCC_OPTIMIZATION_LEVEL</key>
				<string>0</string>
				<key>GCC_PREPROCESSOR_DEFINITIONS</key>
				<array>
					<string>DEBUG=1</string>
					<string>$(inherited)</string>
				</array>
				<key>GCC_WARN_64_TO_32_BIT_CONVERSION</key>
				<string>YES</string>
				<key>GCC_WARN_ABOUT_RETURN_TYPE</key>
				<string>YES_ERROR</string>
				<key>GCC_WARN_UNDECLARED_SELECTOR</key>
				<string>YES</string>
				<key>GCC_WARN_UNINITIALIZED_AUTOS</key>
				<string>YES_AGGRESSIVE</string>
				<key>GCC_WARN_UNUSED_FUNCTION</key>
				<string>YES</string>
				<key>GCC_WARN_UNUSED_VARIABLE</key>
				<string>YES</string>
				<key>IPHONEOS_DEPLOYMENT_TARGET</key>
				<string>9.2</string>
				<key>MTL_ENABLE_DEBUG_INFO</key>
				<string>YES</string>
				<key>ONLY_ACTIVE_ARCH</key>
				<string>YES</string>
				<key>SDKROOT</key>
				<string>iphoneos</string>
				<key>SWIFT_OPTIMIZATION_LEVEL</key>
				<string>-Onone</string>
				<key>TARGETED_DEVICE_FAMILY</key>
				<string>1,2</string>
			</dict>
			<key>isa</key>
			<string>XCBuildConfiguration</string>
			<key>name</key>
			<string>Debug</string>
		</dict>
		<key>F98C3BA31C65354100389099</key>
		<dict>
			<key>buildSettings</key>
			<dict>
				<key>ALWAYS_SEARCH_USER_PATHS</key>
				<string>NO</string>
				<key>CLANG_CXX_LANGUAGE_STANDARD</key>
				<string>gnu++0x</string>
				<key>CLANG_CXX_LIBRARY</key>
				<string>libc++</string>
				<key>CLANG_ENABLE_MODULES</key>
				<string>YES</string>
				<key>CLANG_ENABLE_OBJC_ARC</key>
				<string>YES</string>
				<key>CLANG_WARN_BOOL_CONVERSION</key>
				<string>YES</string>
				<key>CLANG_WARN_CONSTANT_CONVERSION</key>
				<string>YES</string>
				<key>CLANG_WARN_DIRECT_OBJC_ISA_USAGE</key>
				<string>YES_ERROR</string>
				<key>CLANG_WARN_EMPTY_BODY</key>
				<string>YES</string>
				<key>CLANG_WARN_ENUM_CONVERSION</key>
				<string>YES</string>
				<key>CLANG_WARN_INT_CONVERSION</key>
				<string>YES</string>
				<key>CLANG_WARN_OBJC_ROOT_CLASS</key>
				<string>YES_ERROR</string>
				<key>CLANG_WARN_UNREACHABLE_CODE</key>
				<string>YES</string>
				<key>CLANG_WARN__DUPLICATE_METHOD_MATCH</key>
				<string>YES</string>
				<key>CODE_SIGN_IDENTITY[sdk=iphoneos*]</key>
				<string>iPhone Developer</string>
				<key>COPY_PHASE_STRIP</key>
				<string>NO</string>
				<key>DEBUG_INFORMATION_FORMAT</key>
				<string>dwarf-with-dsym</string>
				<key>ENABLE_NS_ASSERTIONS</key>
				<string>NO</string>
				<key>ENABLE_STRICT_OBJC_MSGSEND</key>
				<string>YES</string>
				<key>GCC_C_LANGUAGE_STANDARD</key>
				<string>gnu99</string>
				<key>GCC_NO_COMMON_BLOCKS</key>
				<string>YES</string>
				<key>GCC_WARN_64_TO_32_BIT_CONVERSION</key>
				<string>YES</string>
				<key>GCC_WARN_ABOUT_RETURN_TYPE</key>
				<string>YES_ERROR</string>
				<key>GCC_WARN_UNDECLARED_SELECTOR</key>
				<string>YES</string>
				<key>GCC_WARN_UNINITIALIZED_AUTOS</key>
				<string>YES_AGGRESSIVE</string>
				<key>GCC_WARN_UNUSED_FUNCTION</key>
				<string>YES</string>
				<key>GCC_WARN_UNUSED_VARIABLE</key>
				<string>YES</string>
				<key>IPHONEOS_DEPLOYMENT_TARGET</key>
				<string>9.2</string>
				<key>MTL_ENABLE_DEBUG_INFO</key>
				<string>NO</string>
				<key>SDKROOT</key>
				<string>iphoneos</string>
				<key>TARGETED_DEVICE_FAMILY</key>
				<string>1,2</string>
				<key>VALIDATE_PRODUCT</key>
				<string>YES</string>
			</dict>
			<key>isa</key>
			<string>XCBuildConfiguration</string>
			<key>name</key>
			<string>Release</string>
		</dict>
		<key>F98C3BA41C65354100389099</key>
		<dict>
			<key>buildConfigurations</key>
			<array>
				<string>F98C3BA51C65354100389099</string>
				<string>F98C3BA61C65354100389099</string>
			</array>
			<key>defaultConfigurationIsVisible</key>
			<string>0</string>
			<key>defaultConfigurationName</key>
			<string>Release</string>
			<key>isa</key>
			<string>XCConfigurationList</string>
		</dict>
		<key>F98C3BA51C65354100389099</key>
		<dict>
			<key>buildSettings</key>
			<dict>
				<key>ASSETCATALOG_COMPILER_APPICON_NAME</key>
				<string>AppIcon</string>
				<key>INFOPLIST_FILE</key>
				<string>Example/Info.plist</string>
				<key>LD_RUNPATH_SEARCH_PATHS</key>
				<string>$(inherited) @executable_path/Frameworks</string>
				<key>PRODUCT_BUNDLE_IDENTIFIER</key>
				<string>com.example.Example</string>
				<key>PRODUCT_NAME</key>
				<string>$(TARGET_NAME)</string>
			</dict>
			<key>isa</key>
			<string>XCBuildConfiguration</string>
			<key>name</key>
			<string>Debug</string>
		</dict>
		<key>F98C3BA61C65354100389099</key>
		<dict>
			<key>buildSettings</key>
			<dict>
				<key>ASSETCATALOG_COMPILER_APPICON_NAME</key>
				<string>AppIcon</string>
				<key>INFOPLIST_FILE</key>
				<string>Example/Info.plist</string>
				<key>LD_RUNPATH_SEARCH_PATHS</key>
				<string>$(inherited) @executable_path/Frameworks</string>
				<key>PRODUCT_BUNDLE_IDENTIFIER</key>
				<string>com.example.Example</string>
				<key>PRODUCT_NAME</key>
				<string>$(TARGET_NAME)</string>
			</dict>
			<key>isa</key>
			<string>XCBuildConfiguration</string>
			<key>name</key>
			<string>Release</string>
		</dict>
		<key>F98C3BA71C65354100389099</key>
		<dict>
			<key>buildConfigurations</key>
			<array>
				<string>F98C3BA81C65354100389099</string>
				<string>F98C3BA91C65354100389099</string>
			</array>
			<key>defaultConfigurationIsVisible</key>
			<string>0</string>
			<key>defaultConfigurationName</key>
			<string>Release</string>
			<key>isa</key>
			<string>XCConfigurationList</string>
		</dict>
		<key>F98C3BA81C65354100389099</key>
		<dict>
			<key>buildSettings</key>
			<dict>
				<key>INFOPLIST_FILE</key>
				<string>ExampleUITests/Info.plist</string>
				<key>LD_RUNPATH_SEARCH_PATHS</key>
				<string>$(inherited) @executable_path/Frameworks @loader_path/Frameworks</string>
				<key>PRODUCT_BUNDLE_IDENTIFIER</key>
				<string>com.example.ExampleUITests</string>
				<key>PRODUCT_NAME</key>
				<string>$(TARGET_NAME)</string>
				<key>TEST_TARGET_NAME</key>
				<string>Example</string>
			</dict>
			<key>isa</key>
			<string>XCBuildConfiguration</string>
			<key>name</key>
			<string>Debug</string>
		</dict>
		<key>F98C3BA91C65354100389099</key>
		<dict>
			<key>buildSettings</key>
			<dict>
				<key>INFOPLIST_FILE</key>
				<string>ExampleUITests/Info.plist</string>
				<key>LD_RUNPATH_SEARCH_PATHS</key>
				<string>$(inherited) @executable_path/Frameworks @loader_path/Frameworks</string>
				<key>PRODUCT_BUNDLE_IDENTIFIER</key>
				<string>com.example.ExampleUITests</string>
				<key>PRODUCT_NAME</key>
				<string>$(TARGET_NAME)</string>
				<key>TEST_TARGET_NAME</key>
				<string>Example</string>
			</dict>
			<key>isa</key>
			<string>XCBuildConfiguration</string>
			<key>name</key>
			<string>Release</string>
		</dict>
		<key>FE841E62373C0702497A1948</key>
		<dict>
			<key>includeInIndex</key>
			<string>1</string>
			<key>isa</key>
			<string>PBXFileReference</string>
			<key>lastKnownFileType</key>
			<string>sourcecode.c.h</string>
			<key>path</key>
			<string>BridgingHeader.h</string>
			<key>sourceTree</key>
			<string>&lt;group&gt;</string>
		</dict>
	</dict>
	<key>rootObject</key>
	<string>F98C3B7F1C65354100389099</string>
</dict>
</plist>
